
Microsoft Visual Studio Solution File, Format Version 12.00
# Visual Studio Version 17
VisualStudioVersion = 17.3.32929.385
MinimumVisualStudioVersion = 10.0.40219.1
Project("{FAE04EC0-301F-11D3-BF4B-00C04F79EFBC}") = "Snake Game", "Snake Game\Snake Game.csproj", "{6C317A81-F887-49EE-ACA2-98A92B090290}"
EndProject
Global
	GlobalSection(SolutionConfigurationPlatforms) = preSolution
		Debug|Any CPU = Debug|Any CPU
		Release|Any CPU = Release|Any CPU
	EndGlobalSection
	GlobalSection(ProjectConfigurationPlatforms) = postSolution
		{6C317A81-F887-49EE-ACA2-98A92B090290}.Debug|Any CPU.ActiveCfg = Debug|Any CPU
		{6C317A81-F887-49EE-ACA2-98A92B090290}.Debug|Any CPU.Build.0 = Debug|Any CPU
		{6C317A81-F887-49EE-ACA2-98A92B090290}.Release|Any CPU.ActiveCfg = Release|Any CPU
		{6C317A81-F887-49EE-ACA2-98A92B090290}.Release|Any CPU.Build.0 = Release|Any CPU
	EndGlobalSection
	GlobalSection(SolutionProperties) = preSolution
		HideSolutionNode = FALSE
	EndGlobalSection
	GlobalSection(ExtensibilityGlobals) = postSolution
		SolutionGuid = {BA47F77B-EDAA-41AC-B0D2-3ADE28181EE1}
	EndGlobalSection
EndGlobal
